
Microsoft Visual Studio Solution File, Format Version 12.00
# Visual Studio 15
VisualStudioVersion = 15.0.27130.0
MinimumVisualStudioVersion = 10.0.40219.1
Project("{FAE04EC0-301F-11D3-BF4B-00C04F79EFBC}") = "httpServer", "httpServer\httpServer.csproj", "{437816F6-8592-456E-A4E9-9F9C0CA34FCB}"
EndProject
Project("{54435603-DBB4-11D2-8724-00A0C9A8B90C}") = "HttpServerSetup", "Setup\Setup.vdproj", "{AD7A67C3-4D01-4B99-8AD3-9A146FE78BF4}"
EndProject
Project("{FAE04EC0-301F-11D3-BF4B-00C04F79EFBC}") = "httpServerService", "Service\httpServerService.csproj", "{A8078C45-9D4C-466F-9F4B-0D08DE2FEC3B}"
EndProject
Global
	GlobalSection(SolutionConfigurationPlatforms) = preSolution
		Debug|Any CPU = Debug|Any CPU
		Release|Any CPU = Release|Any CPU
	EndGlobalSection
	GlobalSection(ProjectConfigurationPlatforms) = postSolution
		{437816F6-8592-456E-A4E9-9F9C0CA34FCB}.Debug|Any CPU.ActiveCfg = Debug|Any CPU
		{437816F6-8592-456E-A4E9-9F9C0CA34FCB}.Debug|Any CPU.Build.0 = Debug|Any CPU
		{437816F6-8592-456E-A4E9-9F9C0CA34FCB}.Release|Any CPU.ActiveCfg = Release|Any CPU
		{437816F6-8592-456E-A4E9-9F9C0CA34FCB}.Release|Any CPU.Build.0 = Release|Any CPU
		{AD7A67C3-4D01-4B99-8AD3-9A146FE78BF4}.Debug|Any CPU.ActiveCfg = Debug
		{AD7A67C3-4D01-4B99-8AD3-9A146FE78BF4}.Release|Any CPU.ActiveCfg = Release
		{A8078C45-9D4C-466F-9F4B-0D08DE2FEC3B}.Debug|Any CPU.ActiveCfg = Debug|Any CPU
		{A8078C45-9D4C-466F-9F4B-0D08DE2FEC3B}.Debug|Any CPU.Build.0 = Debug|Any CPU
		{A8078C45-9D4C-466F-9F4B-0D08DE2FEC3B}.Release|Any CPU.ActiveCfg = Release|Any CPU
		{A8078C45-9D4C-466F-9F4B-0D08DE2FEC3B}.Release|Any CPU.Build.0 = Release|Any CPU
	EndGlobalSection
	GlobalSection(SolutionProperties) = preSolution
		HideSolutionNode = FALSE
	EndGlobalSection
	GlobalSection(ExtensibilityGlobals) = postSolution
		SolutionGuid = {F02FBED1-738E-493E-AA4F-01E446EA3050}
	EndGlobalSection
EndGlobal
